
Microsoft Visual Studio Solution File, Format Version 12.00
# Visual Studio 15
VisualStudioVersion = 15.0.28307.852
MinimumVisualStudioVersion = 10.0.40219.1
Project("{FAE04EC0-301F-11D3-BF4B-00C04F79EFBC}") = "Dec01", "01Dec\Dec01.csproj", "{500DC94A-5BB1-4700-A667-133D9F466BEF}"
EndProject
Project("{FAE04EC0-301F-11D3-BF4B-00C04F79EFBC}") = "Dec02", "Dec02\Dec02.csproj", "{4982285E-1A87-4D2F-B8C6-35305D1E7876}"
EndProject
Project("{FAE04EC0-301F-11D3-BF4B-00C04F79EFBC}") = "Dec03", "Dec03\Dec03.csproj", "{8E57C803-01E7-4C95-BA6C-4078EDF77DBD}"
EndProject
Project("{FAE04EC0-301F-11D3-BF4B-00C04F79EFBC}") = "Dec04", "Dec04\Dec04.csproj", "{273D72DF-9BAD-4395-A0BF-2E6FE4592754}"
EndProject
Project("{FAE04EC0-301F-11D3-BF4B-00C04F79EFBC}") = "Dec05", "Dec05\Dec05.csproj", "{756A980C-A2A3-4151-B89A-22E104DC264C}"
EndProject
Project("{FAE04EC0-301F-11D3-BF4B-00C04F79EFBC}") = "Dec06", "Dec06\Dec06.csproj", "{2CF55C31-4A37-490D-80CB-3C2B61BC4FFA}"
EndProject
Project("{FAE04EC0-301F-11D3-BF4B-00C04F79EFBC}") = "Dec07", "Dec07\Dec07.csproj", "{502399CE-3AB8-454F-8AA8-92F989D0FA85}"
EndProject
Project("{FAE04EC0-301F-11D3-BF4B-00C04F79EFBC}") = "Dec08", "Dec08\Dec08.csproj", "{3865CEF8-38CA-4A37-9272-5B8823E69AF1}"
EndProject
Project("{FAE04EC0-301F-11D3-BF4B-00C04F79EFBC}") = "Dec09", "Dec09\Dec09.csproj", "{CFEED8B6-B387-4772-981F-7E012C138C2A}"
EndProject
Project("{FAE04EC0-301F-11D3-BF4B-00C04F79EFBC}") = "Dec10", "Dec10\Dec10.csproj", "{7705F8FD-FFD3-46A3-BCA8-927B6C7BBE89}"
EndProject
Project("{FAE04EC0-301F-11D3-BF4B-00C04F79EFBC}") = "Dec11", "Dec11\Dec11.csproj", "{B1BAF507-BE31-48A7-88B7-2D32D633C2A4}"
EndProject
Project("{FAE04EC0-301F-11D3-BF4B-00C04F79EFBC}") = "Dec12", "Dec12\Dec12.csproj", "{C37EA4EF-290D-4EB2-8658-5EC6A92F1D67}"
EndProject
Project("{FAE04EC0-301F-11D3-BF4B-00C04F79EFBC}") = "Dec13", "Dec13\Dec13.csproj", "{A4BB8398-2044-43E0-911B-F1B87D9C2AA5}"
EndProject
Project("{FAE04EC0-301F-11D3-BF4B-00C04F79EFBC}") = "Dec14", "Dec14\Dec14.csproj", "{5C4DA5BF-679F-4EAD-BC44-980806CE916B}"
EndProject
Global
	GlobalSection(SolutionConfigurationPlatforms) = preSolution
		Debug|Any CPU = Debug|Any CPU
		Release|Any CPU = Release|Any CPU
	EndGlobalSection
	GlobalSection(ProjectConfigurationPlatforms) = postSolution
		{500DC94A-5BB1-4700-A667-133D9F466BEF}.Debug|Any CPU.ActiveCfg = Debug|Any CPU
		{500DC94A-5BB1-4700-A667-133D9F466BEF}.Debug|Any CPU.Build.0 = Debug|Any CPU
		{500DC94A-5BB1-4700-A667-133D9F466BEF}.Release|Any CPU.ActiveCfg = Release|Any CPU
		{500DC94A-5BB1-4700-A667-133D9F466BEF}.Release|Any CPU.Build.0 = Release|Any CPU
		{4982285E-1A87-4D2F-B8C6-35305D1E7876}.Debug|Any CPU.ActiveCfg = Debug|Any CPU
		{4982285E-1A87-4D2F-B8C6-35305D1E7876}.Debug|Any CPU.Build.0 = Debug|Any CPU
		{4982285E-1A87-4D2F-B8C6-35305D1E7876}.Release|Any CPU.ActiveCfg = Release|Any CPU
		{4982285E-1A87-4D2F-B8C6-35305D1E7876}.Release|Any CPU.Build.0 = Release|Any CPU
		{8E57C803-01E7-4C95-BA6C-4078EDF77DBD}.Debug|Any CPU.ActiveCfg = Debug|Any CPU
		{8E57C803-01E7-4C95-BA6C-4078EDF77DBD}.Debug|Any CPU.Build.0 = Debug|Any CPU
		{8E57C803-01E7-4C95-BA6C-4078EDF77DBD}.Release|Any CPU.ActiveCfg = Release|Any CPU
		{8E57C803-01E7-4C95-BA6C-4078EDF77DBD}.Release|Any CPU.Build.0 = Release|Any CPU
		{273D72DF-9BAD-4395-A0BF-2E6FE4592754}.Debug|Any CPU.ActiveCfg = Debug|Any CPU
		{273D72DF-9BAD-4395-A0BF-2E6FE4592754}.Debug|Any CPU.Build.0 = Debug|Any CPU
		{273D72DF-9BAD-4395-A0BF-2E6FE4592754}.Release|Any CPU.ActiveCfg = Release|Any CPU
		{273D72DF-9BAD-4395-A0BF-2E6FE4592754}.Release|Any CPU.Build.0 = Release|Any CPU
		{756A980C-A2A3-4151-B89A-22E104DC264C}.Debug|Any CPU.ActiveCfg = Debug|Any CPU
		{756A980C-A2A3-4151-B89A-22E104DC264C}.Debug|Any CPU.Build.0 = Debug|Any CPU
		{756A980C-A2A3-4151-B89A-22E104DC264C}.Release|Any CPU.ActiveCfg = Release|Any CPU
		{756A980C-A2A3-4151-B89A-22E104DC264C}.Release|Any CPU.Build.0 = Release|Any CPU
		{2CF55C31-4A37-490D-80CB-3C2B61BC4FFA}.Debug|Any CPU.ActiveCfg = Debug|Any CPU
		{2CF55C31-4A37-490D-80CB-3C2B61BC4FFA}.Debug|Any CPU.Build.0 = Debug|Any CPU
		{2CF55C31-4A37-490D-80CB-3C2B61BC4FFA}.Release|Any CPU.ActiveCfg = Release|Any CPU
		{2CF55C31-4A37-490D-80CB-3C2B61BC4FFA}.Release|Any CPU.Build.0 = Release|Any CPU
		{502399CE-3AB8-454F-8AA8-92F989D0FA85}.Debug|Any CPU.ActiveCfg = Debug|Any CPU
		{502399CE-3AB8-454F-8AA8-92F989D0FA85}.Debug|Any CPU.Build.0 = Debug|Any CPU
		{502399CE-3AB8-454F-8AA8-92F989D0FA85}.Release|Any CPU.ActiveCfg = Release|Any CPU
		{502399CE-3AB8-454F-8AA8-92F989D0FA85}.Release|Any CPU.Build.0 = Release|Any CPU
		{3865CEF8-38CA-4A37-9272-5B8823E69AF1}.Debug|Any CPU.ActiveCfg = Debug|Any CPU
		{3865CEF8-38CA-4A37-9272-5B8823E69AF1}.Debug|Any CPU.Build.0 = Debug|Any CPU
		{3865CEF8-38CA-4A37-9272-5B8823E69AF1}.Release|Any CPU.ActiveCfg = Release|Any CPU
		{3865CEF8-38CA-4A37-9272-5B8823E69AF1}.Release|Any CPU.Build.0 = Release|Any CPU
		{CFEED8B6-B387-4772-981F-7E012C138C2A}.Debug|Any CPU.ActiveCfg = Debug|Any CPU
		{CFEED8B6-B387-4772-981F-7E012C138C2A}.Debug|Any CPU.Build.0 = Debug|Any CPU
		{CFEED8B6-B387-4772-981F-7E012C138C2A}.Release|Any CPU.ActiveCfg = Release|Any CPU
		{CFEED8B6-B387-4772-981F-7E012C138C2A}.Release|Any CPU.Build.0 = Release|Any CPU
		{7705F8FD-FFD3-46A3-BCA8-927B6C7BBE89}.Debug|Any CPU.ActiveCfg = Debug|Any CPU
		{7705F8FD-FFD3-46A3-BCA8-927B6C7BBE89}.Debug|Any CPU.Build.0 = Debug|Any CPU
		{7705F8FD-FFD3-46A3-BCA8-927B6C7BBE89}.Release|Any CPU.ActiveCfg = Release|Any CPU
		{7705F8FD-FFD3-46A3-BCA8-927B6C7BBE89}.Release|Any CPU.Build.0 = Release|Any CPU
		{B1BAF507-BE31-48A7-88B7-2D32D633C2A4}.Debug|Any CPU.ActiveCfg = Debug|Any CPU
		{B1BAF507-BE31-48A7-88B7-2D32D633C2A4}.Debug|Any CPU.Build.0 = Debug|Any CPU
		{B1BAF507-BE31-48A7-88B7-2D32D633C2A4}.Release|Any CPU.ActiveCfg = Release|Any CPU
		{B1BAF507-BE31-48A7-88B7-2D32D633C2A4}.Release|Any CPU.Build.0 = Release|Any CPU
		{C37EA4EF-290D-4EB2-8658-5EC6A92F1D67}.Debug|Any CPU.ActiveCfg = Debug|Any CPU
		{C37EA4EF-290D-4EB2-8658-5EC6A92F1D67}.Debug|Any CPU.Build.0 = Debug|Any CPU
		{C37EA4EF-290D-4EB2-8658-5EC6A92F1D67}.Release|Any CPU.ActiveCfg = Release|Any CPU
		{C37EA4EF-290D-4EB2-8658-5EC6A92F1D67}.Release|Any CPU.Build.0 = Release|Any CPU
		{A4BB8398-2044-43E0-911B-F1B87D9C2AA5}.Debug|Any CPU.ActiveCfg = Debug|Any CPU
		{A4BB8398-2044-43E0-911B-F1B87D9C2AA5}.Debug|Any CPU.Build.0 = Debug|Any CPU
		{A4BB8398-2044-43E0-911B-F1B87D9C2AA5}.Release|Any CPU.ActiveCfg = Release|Any CPU
		{A4BB8398-2044-43E0-911B-F1B87D9C2AA5}.Release|Any CPU.Build.0 = Release|Any CPU
		{5C4DA5BF-679F-4EAD-BC44-980806CE916B}.Debug|Any CPU.ActiveCfg = Debug|Any CPU
		{5C4DA5BF-679F-4EAD-BC44-980806CE916B}.Debug|Any CPU.Build.0 = Debug|Any CPU
		{5C4DA5BF-679F-4EAD-BC44-980806CE916B}.Release|Any CPU.ActiveCfg = Release|Any CPU
		{5C4DA5BF-679F-4EAD-BC44-980806CE916B}.Release|Any CPU.Build.0 = Release|Any CPU
	EndGlobalSection
	GlobalSection(SolutionProperties) = preSolution
		HideSolutionNode = FALSE
	EndGlobalSection
	GlobalSection(ExtensibilityGlobals) = postSolution
		SolutionGuid = {E492DF18-B7F4-4834-89F3-D167E0B6D6DC}
	EndGlobalSection
EndGlobal
